
Microsoft Visual Studio Solution File, Format Version 12.00
# Visual Studio Version 17
VisualStudioVersion = 17.0.32112.339
MinimumVisualStudioVersion = 10.0.40219.1
Project("{FAE04EC0-301F-11D3-BF4B-00C04F79EFBC}") = "ConsoleApp1", "ConsoleApp1\ConsoleApp1.csproj", "{64B317CA-C53F-4C14-AF9B-00AC4AAEAC31}"
EndProject
Global
	GlobalSection(SolutionConfigurationPlatforms) = preSolution
		Debug|Any CPU = Debug|Any CPU
		Release|Any CPU = Release|Any CPU
	EndGlobalSection
	GlobalSection(ProjectConfigurationPlatforms) = postSolution
		{64B317CA-C53F-4C14-AF9B-00AC4AAEAC31}.Debug|Any CPU.ActiveCfg = Debug|Any CPU
		{64B317CA-C53F-4C14-AF9B-00AC4AAEAC31}.Debug|Any CPU.Build.0 = Debug|Any CPU
		{64B317CA-C53F-4C14-AF9B-00AC4AAEAC31}.Release|Any CPU.ActiveCfg = Release|Any CPU
		{64B317CA-C53F-4C14-AF9B-00AC4AAEAC31}.Release|Any CPU.Build.0 = Release|Any CPU
	EndGlobalSection
	GlobalSection(SolutionProperties) = preSolution
		HideSolutionNode = FALSE
	EndGlobalSection
	GlobalSection(ExtensibilityGlobals) = postSolution
		SolutionGuid = {D9A5126D-228B-4649-992A-EFB9FE4981A2}
	EndGlobalSection
EndGlobal
